<Solution>
  <Folder Name="/src/">
    <Project Path="src/TimeTile.Core/TimeTile.Core.csproj" />
    <Project Path="src/TimeTile.Infrastructure/TimeTile.Infrastructure.csproj" />
    <Project Path="src/TimeTile.UI/TimeTile.UI.csproj" />
    <Project Path="src/TimeTile/TimeTile.csproj" />
  </Folder>
  <Folder Name="/tests/">
    <Project Path="tests/TimeTile.Tests/TimeTile.Tests.csproj" />
  </Folder>
</Solution>
